
Microsoft Visual Studio Solution File, Format Version 12.00
# Visual Studio 15
Project("{FAE04EC0-301F-11D3-BF4B-00C04F79EFBC}") = "XCharts.Runtime", "XCharts.Runtime.csproj", "{E4C20362-AE9D-4706-B20F-FF2B0A75E461}"
EndProject
Project("{FAE04EC0-301F-11D3-BF4B-00C04F79EFBC}") = "Assembly-CSharp", "Assembly-CSharp.csproj", "{A635BF17-BF17-A5A1-5BE1-E6D88DA82ABF}"
EndProject
Project("{FAE04EC0-301F-11D3-BF4B-00C04F79EFBC}") = "XCharts.Examples", "XCharts.Examples.csproj", "{A1C0932C-40C9-9FB3-9345-6C2E6625DD1A}"
EndProject
Project("{FAE04EC0-301F-11D3-BF4B-00C04F79EFBC}") = "XCharts.Editor", "XCharts.Editor.csproj", "{C84AC536-F154-CC17-13F4-327A6F15D182}"
EndProject
Global
	GlobalSection(SolutionConfigurationPlatforms) = preSolution
		Debug|Any CPU = Debug|Any CPU
		Release|Any CPU = Release|Any CPU
	EndGlobalSection
	GlobalSection(ProjectConfigurationPlatforms) = postSolution
		{E4C20362-AE9D-4706-B20F-FF2B0A75E461}.Debug|Any CPU.ActiveCfg = Debug|Any CPU
		{E4C20362-AE9D-4706-B20F-FF2B0A75E461}.Debug|Any CPU.Build.0 = Debug|Any CPU
		{E4C20362-AE9D-4706-B20F-FF2B0A75E461}.Release|Any CPU.ActiveCfg = Release|Any CPU
		{E4C20362-AE9D-4706-B20F-FF2B0A75E461}.Release|Any CPU.Build.0 = Release|Any CPU
		{A635BF17-BF17-A5A1-5BE1-E6D88DA82ABF}.Debug|Any CPU.ActiveCfg = Debug|Any CPU
		{A635BF17-BF17-A5A1-5BE1-E6D88DA82ABF}.Debug|Any CPU.Build.0 = Debug|Any CPU
		{A635BF17-BF17-A5A1-5BE1-E6D88DA82ABF}.Release|Any CPU.ActiveCfg = Release|Any CPU
		{A635BF17-BF17-A5A1-5BE1-E6D88DA82ABF}.Release|Any CPU.Build.0 = Release|Any CPU
		{A1C0932C-40C9-9FB3-9345-6C2E6625DD1A}.Debug|Any CPU.ActiveCfg = Debug|Any CPU
		{A1C0932C-40C9-9FB3-9345-6C2E6625DD1A}.Debug|Any CPU.Build.0 = Debug|Any CPU
		{A1C0932C-40C9-9FB3-9345-6C2E6625DD1A}.Release|Any CPU.ActiveCfg = Release|Any CPU
		{A1C0932C-40C9-9FB3-9345-6C2E6625DD1A}.Release|Any CPU.Build.0 = Release|Any CPU
		{C84AC536-F154-CC17-13F4-327A6F15D182}.Debug|Any CPU.ActiveCfg = Debug|Any CPU
		{C84AC536-F154-CC17-13F4-327A6F15D182}.Debug|Any CPU.Build.0 = Debug|Any CPU
		{C84AC536-F154-CC17-13F4-327A6F15D182}.Release|Any CPU.ActiveCfg = Release|Any CPU
		{C84AC536-F154-CC17-13F4-327A6F15D182}.Release|Any CPU.Build.0 = Release|Any CPU
	EndGlobalSection
	GlobalSection(SolutionProperties) = preSolution
		HideSolutionNode = FALSE
	EndGlobalSection
EndGlobal
